
Microsoft Visual Studio Solution File, Format Version 12.00
# Visual Studio Version 17
VisualStudioVersion = 17.14.36908.2 d17.14
MinimumVisualStudioVersion = 10.0.40219.1
Project("{FAE04EC0-301F-11D3-BF4B-00C04F79EFBC}") = "laba6", "laba6\laba6.csproj", "{0B468D8E-D663-4AA4-9E3E-11D11877C66E}"
EndProject
Global
	GlobalSection(SolutionConfigurationPlatforms) = preSolution
		Debug|Any CPU = Debug|Any CPU
		Release|Any CPU = Release|Any CPU
	EndGlobalSection
	GlobalSection(ProjectConfigurationPlatforms) = postSolution
		{0B468D8E-D663-4AA4-9E3E-11D11877C66E}.Debug|Any CPU.ActiveCfg = Debug|Any CPU
		{0B468D8E-D663-4AA4-9E3E-11D11877C66E}.Debug|Any CPU.Build.0 = Debug|Any CPU
		{0B468D8E-D663-4AA4-9E3E-11D11877C66E}.Release|Any CPU.ActiveCfg = Release|Any CPU
		{0B468D8E-D663-4AA4-9E3E-11D11877C66E}.Release|Any CPU.Build.0 = Release|Any CPU
	EndGlobalSection
	GlobalSection(SolutionProperties) = preSolution
		HideSolutionNode = FALSE
	EndGlobalSection
	GlobalSection(ExtensibilityGlobals) = postSolution
		SolutionGuid = {5FC0163B-6480-499C-8DBE-CDA87330E01B}
	EndGlobalSection
EndGlobal
